// !$*UTF8*$!
{
	archiveVersion = 1;
	classes = {
	};
	objectVersion = 50;
	objects = {

/* Begin PBXBuildFile section */
		5F172769217DDA66009C15D5 /* LYGroupRequest.m in Sources */ = {isa = PBXBuildFile; fileRef = 5F172768217DDA66009C15D5 /* LYGroupRequest.m */; };
		5F17278B217F0DB8009C15D5 /* JDRequest.m in Sources */ = {isa = PBXBuildFile; fileRef = 5F17278A217F0DB8009C15D5 /* JDRequest.m */; };
		5F17279B217F4B84009C15D5 /* NSString+LYAddtion.m in Sources */ = {isa = PBXBuildFile; fileRef = 5F17279A217F4B84009C15D5 /* NSString+LYAddtion.m */; };
		5F17279E217F4BCC009C15D5 /* NSArray+LYAddtion.m in Sources */ = {isa = PBXBuildFile; fileRef = 5F17279D217F4BCC009C15D5 /* NSArray+LYAddtion.m */; };
		5F1727A1217F4BFA009C15D5 /* NSDictionary+LYAddtion.m in Sources */ = {isa = PBXBuildFile; fileRef = 5F1727A0217F4BFA009C15D5 /* NSDictionary+LYAddtion.m */; };
		5F1727A6218050BA009C15D5 /* LYRequestCacheManager.m in Sources */ = {isa = PBXBuildFile; fileRef = 5F1727A5218050BA009C15D5 /* LYRequestCacheManager.m */; };
		5F189C7B2178A82200134EF3 /* AppDelegate.m in Sources */ = {isa = PBXBuildFile; fileRef = 5F189C7A2178A82200134EF3 /* AppDelegate.m */; };
		5F189C7E2178A82200134EF3 /* ViewController.m in Sources */ = {isa = PBXBuildFile; fileRef = 5F189C7D2178A82200134EF3 /* ViewController.m */; };
		5F189C812178A82200134EF3 /* Main.storyboard in Resources */ = {isa = PBXBuildFile; fileRef = 5F189C7F2178A82200134EF3 /* Main.storyboard */; };
		5F189C832178A82400134EF3 /* Assets.xcassets in Resources */ = {isa = PBXBuildFile; fileRef = 5F189C822178A82400134EF3 /* Assets.xcassets */; };
		5F189C862178A82400134EF3 /* LaunchScreen.storyboard in Resources */ = {isa = PBXBuildFile; fileRef = 5F189C842178A82400134EF3 /* LaunchScreen.storyboard */; };
		5F189C892178A82400134EF3 /* main.m in Sources */ = {isa = PBXBuildFile; fileRef = 5F189C882178A82400134EF3 /* main.m */; };
		5F189C932178A82400134EF3 /* RequestTests.m in Sources */ = {isa = PBXBuildFile; fileRef = 5F189C922178A82400134EF3 /* RequestTests.m */; };
		5F189C9E2178A82400134EF3 /* RequestUITests.m in Sources */ = {isa = PBXBuildFile; fileRef = 5F189C9D2178A82400134EF3 /* RequestUITests.m */; };
		5F189CBA2178A84900134EF3 /* LYRequest.m in Sources */ = {isa = PBXBuildFile; fileRef = 5F189CB12178A84900134EF3 /* LYRequest.m */; };
		5F189CBB2178A84900134EF3 /* LYRequestHandle.m in Sources */ = {isa = PBXBuildFile; fileRef = 5F189CB42178A84900134EF3 /* LYRequestHandle.m */; };
		5F189CBE2179EDDD00134EF3 /* TestViewController.m in Sources */ = {isa = PBXBuildFile; fileRef = 5F189CBD2179EDDD00134EF3 /* TestViewController.m */; };
		D28BD856DDDB1A56AFB8ED72 /* libPods-Request.a in Frameworks */ = {isa = PBXBuildFile; fileRef = 27CCDF3B7ED485C6CD1D5113 /* libPods-Request.a */; };
/* End PBXBuildFile section */

/* Begin PBXContainerItemProxy section */
		5F189C8F2178A82400134EF3 /* PBXContainerItemProxy */ = {
			isa = PBXContainerItemProxy;
			containerPortal = 5F189C6E2178A82200134EF3 /* Project object */;
			proxyType = 1;
			remoteGlobalIDString = 5F189C752178A82200134EF3;
			remoteInfo = Request;
		};
		5F189C9A2178A82400134EF3 /* PBXContainerItemProxy */ = {
			isa = PBXContainerItemProxy;
			containerPortal = 5F189C6E2178A82200134EF3 /* Project object */;
			proxyType = 1;
			remoteGlobalIDString = 5F189C752178A82200134EF3;
			remoteInfo = Request;
		};
/* End PBXContainerItemProxy section */

/* Begin PBXFileReference section */
		27CCDF3B7ED485C6CD1D5113 /* libPods-Request.a */ = {isa = PBXFileReference; explicitFileType = archive.ar; includeInIndex = 0; path = "libPods-Request.a"; sourceTree = BUILT_PRODUCTS_DIR; };
		4B9231A888459C96DB8E2CE7 /* Pods-Request.release.xcconfig */ = {isa = PBXFileReference; includeInIndex = 1; lastKnownFileType = text.xcconfig; name = "Pods-Request.release.xcconfig"; path = "Pods/Target Support Files/Pods-Request/Pods-Request.release.xcconfig"; sourceTree = "<group>"; };
		5F172767217DDA66009C15D5 /* LYGroupRequest.h */ = {isa = PBXFileReference; lastKnownFileType = sourcecode.c.h; path = LYGroupRequest.h; sourceTree = "<group>"; };
		5F172768217DDA66009C15D5 /* LYGroupRequest.m */ = {isa = PBXFileReference; lastKnownFileType = sourcecode.c.objc; path = LYGroupRequest.m; sourceTree = "<group>"; };
		5F172789217F0DB8009C15D5 /* JDRequest.h */ = {isa = PBXFileReference; lastKnownFileType = sourcecode.c.h; path = JDRequest.h; sourceTree = "<group>"; };
		5F17278A217F0DB8009C15D5 /* JDRequest.m */ = {isa = PBXFileReference; lastKnownFileType = sourcecode.c.objc; path = JDRequest.m; sourceTree = "<group>"; };
		5F172799217F4B84009C15D5 /* NSString+LYAddtion.h */ = {isa = PBXFileReference; lastKnownFileType = sourcecode.c.h; path = "NSString+LYAddtion.h"; sourceTree = "<group>"; };
		5F17279A217F4B84009C15D5 /* NSString+LYAddtion.m */ = {isa = PBXFileReference; lastKnownFileType = sourcecode.c.objc; path = "NSString+LYAddtion.m"; sourceTree = "<group>"; };
		5F17279C217F4BCC009C15D5 /* NSArray+LYAddtion.h */ = {isa = PBXFileReference; lastKnownFileType = sourcecode.c.h; path = "NSArray+LYAddtion.h"; sourceTree = "<group>"; };
		5F17279D217F4BCC009C15D5 /* NSArray+LYAddtion.m */ = {isa = PBXFileReference; lastKnownFileType = sourcecode.c.objc; path = "NSArray+LYAddtion.m"; sourceTree = "<group>"; };
		5F17279F217F4BFA009C15D5 /* NSDictionary+LYAddtion.h */ = {isa = PBXFileReference; lastKnownFileType = sourcecode.c.h; path = "NSDictionary+LYAddtion.h"; sourceTree = "<group>"; };
		5F1727A0217F4BFA009C15D5 /* NSDictionary+LYAddtion.m */ = {isa = PBXFileReference; lastKnownFileType = sourcecode.c.objc; path = "NSDictionary+LYAddtion.m"; sourceTree = "<group>"; };
		5F1727A4218050BA009C15D5 /* LYRequestCacheManager.h */ = {isa = PBXFileReference; lastKnownFileType = sourcecode.c.h; path = LYRequestCacheManager.h; sourceTree = "<group>"; };
		5F1727A5218050BA009C15D5 /* LYRequestCacheManager.m */ = {isa = PBXFileReference; lastKnownFileType = sourcecode.c.objc; path = LYRequestCacheManager.m; sourceTree = "<group>"; };
		5F189C762178A82200134EF3 /* Request.app */ = {isa = PBXFileReference; explicitFileType = wrapper.application; includeInIndex = 0; path = Request.app; sourceTree = BUILT_PRODUCTS_DIR; };
		5F189C792178A82200134EF3 /* AppDelegate.h */ = {isa = PBXFileReference; lastKnownFileType = sourcecode.c.h; path = AppDelegate.h; sourceTree = "<group>"; };
		5F189C7A2178A82200134EF3 /* AppDelegate.m */ = {isa = PBXFileReference; lastKnownFileType = sourcecode.c.objc; path = AppDelegate.m; sourceTree = "<group>"; };
		5F189C7C2178A82200134EF3 /* ViewController.h */ = {isa = PBXFileReference; lastKnownFileType = sourcecode.c.h; path = ViewController.h; sourceTree = "<group>"; };
		5F189C7D2178A82200134EF3 /* ViewController.m */ = {isa = PBXFileReference; lastKnownFileType = sourcecode.c.objc; path = ViewController.m; sourceTree = "<group>"; };
		5F189C802178A82200134EF3 /* Base */ = {isa = PBXFileReference; lastKnownFileType = file.storyboard; name = Base; path = Base.lproj/Main.storyboard; sourceTree = "<group>"; };
		5F189C822178A82400134EF3 /* Assets.xcassets */ = {isa = PBXFileReference; lastKnownFileType = folder.assetcatalog; path = Assets.xcassets; sourceTree = "<group>"; };
		5F189C852178A82400134EF3 /* Base */ = {isa = PBXFileReference; lastKnownFileType = file.storyboard; name = Base; path = Base.lproj/LaunchScreen.storyboard; sourceTree = "<group>"; };
		5F189C872178A82400134EF3 /* Info.plist */ = {isa = PBXFileReference; lastKnownFileType = text.plist.xml; path = Info.plist; sourceTree = "<group>"; };
		5F189C882178A82400134EF3 /* main.m */ = {isa = PBXFileReference; lastKnownFileType = sourcecode.c.objc; path = main.m; sourceTree = "<group>"; };
		5F189C8E2178A82400134EF3 /* RequestTests.xctest */ = {isa = PBXFileReference; explicitFileType = wrapper.cfbundle; includeInIndex = 0; path = RequestTests.xctest; sourceTree = BUILT_PRODUCTS_DIR; };
		5F189C922178A82400134EF3 /* RequestTests.m */ = {isa = PBXFileReference; lastKnownFileType = sourcecode.c.objc; path = RequestTests.m; sourceTree = "<group>"; };
		5F189C942178A82400134EF3 /* Info.plist */ = {isa = PBXFileReference; lastKnownFileType = text.plist.xml; path = Info.plist; sourceTree = "<group>"; };
		5F189C992178A82400134EF3 /* RequestUITests.xctest */ = {isa = PBXFileReference; explicitFileType = wrapper.cfbundle; includeInIndex = 0; path = RequestUITests.xctest; sourceTree = BUILT_PRODUCTS_DIR; };
		5F189C9D2178A82400134EF3 /* RequestUITests.m */ = {isa = PBXFileReference; lastKnownFileType = sourcecode.c.objc; path = RequestUITests.m; sourceTree = "<group>"; };
		5F189C9F2178A82400134EF3 /* Info.plist */ = {isa = PBXFileReference; lastKnownFileType = text.plist.xml; path = Info.plist; sourceTree = "<group>"; };
		5F189CAC2178A84900134EF3 /* RequestUrls.h */ = {isa = PBXFileReference; fileEncoding = 4; lastKnownFileType = sourcecode.c.h; path = RequestUrls.h; sourceTree = "<group>"; };
		5F189CAE2178A84900134EF3 /* LYRequestHandle.h */ = {isa = PBXFileReference; fileEncoding = 4; lastKnownFileType = sourcecode.c.h; path = LYRequestHandle.h; sourceTree = "<group>"; };
		5F189CB12178A84900134EF3 /* LYRequest.m */ = {isa = PBXFileReference; fileEncoding = 4; lastKnownFileType = sourcecode.c.objc; path = LYRequest.m; sourceTree = "<group>"; };
		5F189CB42178A84900134EF3 /* LYRequestHandle.m */ = {isa = PBXFileReference; fileEncoding = 4; lastKnownFileType = sourcecode.c.objc; path = LYRequestHandle.m; sourceTree = "<group>"; };
		5F189CB62178A84900134EF3 /* LYRequest.h */ = {isa = PBXFileReference; fileEncoding = 4; lastKnownFileType = sourcecode.c.h; path = LYRequest.h; sourceTree = "<group>"; };
		5F189CBC2179EDDD00134EF3 /* TestViewController.h */ = {isa = PBXFileReference; lastKnownFileType = sourcecode.c.h; path = TestViewController.h; sourceTree = "<group>"; };
		5F189CBD2179EDDD00134EF3 /* TestViewController.m */ = {isa = PBXFileReference; lastKnownFileType = sourcecode.c.objc; path = TestViewController.m; sourceTree = "<group>"; };
		5F189CC5217D8D7300134EF3 /* LYRequestDelegate.h */ = {isa = PBXFileReference; lastKnownFileType = sourcecode.c.h; path = LYRequestDelegate.h; sourceTree = "<group>"; };
		5F189CC6217D8D7300134EF3 /* LYRequestDefine.h */ = {isa = PBXFileReference; lastKnownFileType = sourcecode.c.h; path = LYRequestDefine.h; sourceTree = "<group>"; };
		90C5579AC9B610DB3CCE40F2 /* Pods-Request.debug.xcconfig */ = {isa = PBXFileReference; includeInIndex = 1; lastKnownFileType = text.xcconfig; name = "Pods-Request.debug.xcconfig"; path = "Pods/Target Support Files/Pods-Request/Pods-Request.debug.xcconfig"; sourceTree = "<group>"; };
/* End PBXFileReference section */

/* Begin PBXFrameworksBuildPhase section */
		5F189C732178A82200134EF3 /* Frameworks */ = {
			isa = PBXFrameworksBuildPhase;
			buildActionMask = 2147483647;
			files = (
				D28BD856DDDB1A56AFB8ED72 /* libPods-Request.a in Frameworks */,
			);
			runOnlyForDeploymentPostprocessing = 0;
		};
		5F189C8B2178A82400134EF3 /* Frameworks */ = {
			isa = PBXFrameworksBuildPhase;
			buildActionMask = 2147483647;
			files = (
			);
			runOnlyForDeploymentPostprocessing = 0;
		};
		5F189C962178A82400134EF3 /* Frameworks */ = {
			isa = PBXFrameworksBuildPhase;
			buildActionMask = 2147483647;
			files = (
			);
			runOnlyForDeploymentPostprocessing = 0;
		};
/* End PBXFrameworksBuildPhase section */

/* Begin PBXGroup section */
		5B7DABF9CEABC444124F1619 /* Pods */ = {
			isa = PBXGroup;
			children = (
				90C5579AC9B610DB3CCE40F2 /* Pods-Request.debug.xcconfig */,
				4B9231A888459C96DB8E2CE7 /* Pods-Request.release.xcconfig */,
			);
			name = Pods;
			sourceTree = "<group>";
		};
		5F172798217F4B58009C15D5 /* Category */ = {
			isa = PBXGroup;
			children = (
				5F172799217F4B84009C15D5 /* NSString+LYAddtion.h */,
				5F17279A217F4B84009C15D5 /* NSString+LYAddtion.m */,
				5F17279C217F4BCC009C15D5 /* NSArray+LYAddtion.h */,
				5F17279D217F4BCC009C15D5 /* NSArray+LYAddtion.m */,
				5F17279F217F4BFA009C15D5 /* NSDictionary+LYAddtion.h */,
				5F1727A0217F4BFA009C15D5 /* NSDictionary+LYAddtion.m */,
			);
			path = Category;
			sourceTree = "<group>";
		};
		5F1727A32180508F009C15D5 /* Cache */ = {
			isa = PBXGroup;
			children = (
				5F1727A4218050BA009C15D5 /* LYRequestCacheManager.h */,
				5F1727A5218050BA009C15D5 /* LYRequestCacheManager.m */,
			);
			path = Cache;
			sourceTree = "<group>";
		};
		5F189C6D2178A82200134EF3 = {
			isa = PBXGroup;
			children = (
				5F189C782178A82200134EF3 /* Request */,
				5F189C912178A82400134EF3 /* RequestTests */,
				5F189C9C2178A82400134EF3 /* RequestUITests */,
				5F189C772178A82200134EF3 /* Products */,
				5B7DABF9CEABC444124F1619 /* Pods */,
				C1CF3011C6586BC0B931590D /* Frameworks */,
			);
			sourceTree = "<group>";
		};
		5F189C772178A82200134EF3 /* Products */ = {
			isa = PBXGroup;
			children = (
				5F189C762178A82200134EF3 /* Request.app */,
				5F189C8E2178A82400134EF3 /* RequestTests.xctest */,
				5F189C992178A82400134EF3 /* RequestUITests.xctest */,
			);
			name = Products;
			sourceTree = "<group>";
		};
		5F189C782178A82200134EF3 /* Request */ = {
			isa = PBXGroup;
			children = (
				5F189C792178A82200134EF3 /* AppDelegate.h */,
				5F189C7A2178A82200134EF3 /* AppDelegate.m */,
				5F189C7C2178A82200134EF3 /* ViewController.h */,
				5F189C7D2178A82200134EF3 /* ViewController.m */,
				5F189CBC2179EDDD00134EF3 /* TestViewController.h */,
				5F189CBD2179EDDD00134EF3 /* TestViewController.m */,
				5F172789217F0DB8009C15D5 /* JDRequest.h */,
				5F17278A217F0DB8009C15D5 /* JDRequest.m */,
				5F189CAB2178A84900134EF3 /* Network */,
				5F189C7F2178A82200134EF3 /* Main.storyboard */,
				5F189C822178A82400134EF3 /* Assets.xcassets */,
				5F189C842178A82400134EF3 /* LaunchScreen.storyboard */,
				5F189C872178A82400134EF3 /* Info.plist */,
				5F189C882178A82400134EF3 /* main.m */,
			);
			path = Request;
			sourceTree = "<group>";
		};
		5F189C912178A82400134EF3 /* RequestTests */ = {
			isa = PBXGroup;
			children = (
				5F189C922178A82400134EF3 /* RequestTests.m */,
				5F189C942178A82400134EF3 /* Info.plist */,
			);
			path = RequestTests;
			sourceTree = "<group>";
		};
		5F189C9C2178A82400134EF3 /* RequestUITests */ = {
			isa = PBXGroup;
			children = (
				5F189C9D2178A82400134EF3 /* RequestUITests.m */,
				5F189C9F2178A82400134EF3 /* Info.plist */,
			);
			path = RequestUITests;
			sourceTree = "<group>";
		};
		5F189CAB2178A84900134EF3 /* Network */ = {
			isa = PBXGroup;
			children = (
				5F189CAC2178A84900134EF3 /* RequestUrls.h */,
				5F1727A32180508F009C15D5 /* Cache */,
				5F172798217F4B58009C15D5 /* Category */,
				5F189CAD2178A84900134EF3 /* Networking */,
			);
			path = Network;
			sourceTree = "<group>";
		};
		5F189CAD2178A84900134EF3 /* Networking */ = {
			isa = PBXGroup;
			children = (
				5F189CB62178A84900134EF3 /* LYRequest.h */,
				5F189CB12178A84900134EF3 /* LYRequest.m */,
				5F189CAE2178A84900134EF3 /* LYRequestHandle.h */,
				5F189CB42178A84900134EF3 /* LYRequestHandle.m */,
				5F172767217DDA66009C15D5 /* LYGroupRequest.h */,
				5F172768217DDA66009C15D5 /* LYGroupRequest.m */,
				5F189CC6217D8D7300134EF3 /* LYRequestDefine.h */,
				5F189CC5217D8D7300134EF3 /* LYRequestDelegate.h */,
			);
			path = Networking;
			sourceTree = "<group>";
		};
		C1CF3011C6586BC0B931590D /* Frameworks */ = {
			isa = PBXGroup;
			children = (
				27CCDF3B7ED485C6CD1D5113 /* libPods-Request.a */,
			);
			name = Frameworks;
			sourceTree = "<group>";
		};
/* End PBXGroup section */

/* Begin PBXNativeTarget section */
		5F189C752178A82200134EF3 /* Request */ = {
			isa = PBXNativeTarget;
			buildConfigurationList = 5F189CA22178A82400134EF3 /* Build configuration list for PBXNativeTarget "Request" */;
			buildPhases = (
				209CE905EAFDE8200F414D40 /* [CP] Check Pods Manifest.lock */,
				5F189C722178A82200134EF3 /* Sources */,
				5F189C732178A82200134EF3 /* Frameworks */,
				5F189C742178A82200134EF3 /* Resources */,
			);
			buildRules = (
			);
			dependencies = (
			);
			name = Request;
			productName = Request;
			productReference = 5F189C762178A82200134EF3 /* Request.app */;
			productType = "com.apple.product-type.application";
		};
		5F189C8D2178A82400134EF3 /* RequestTests */ = {
			isa = PBXNativeTarget;
			buildConfigurationList = 5F189CA52178A82400134EF3 /* Build configuration list for PBXNativeTarget "RequestTests" */;
			buildPhases = (
				5F189C8A2178A82400134EF3 /* Sources */,
				5F189C8B2178A82400134EF3 /* Frameworks */,
				5F189C8C2178A82400134EF3 /* Resources */,
			);
			buildRules = (
			);
			dependencies = (
				5F189C902178A82400134EF3 /* PBXTargetDependency */,
			);
			name = RequestTests;
			productName = RequestTests;
			productReference = 5F189C8E2178A82400134EF3 /* RequestTests.xctest */;
			productType = "com.apple.product-type.bundle.unit-test";
		};
		5F189C982178A82400134EF3 /* RequestUITests */ = {
			isa = PBXNativeTarget;
			buildConfigurationList = 5F189CA82178A82400134EF3 /* Build configuration list for PBXNativeTarget "RequestUITests" */;
			buildPhases = (
				5F189C952178A82400134EF3 /* Sources */,
				5F189C962178A82400134EF3 /* Frameworks */,
				5F189C972178A82400134EF3 /* Resources */,
			);
			buildRules = (
			);
			dependencies = (
				5F189C9B2178A82400134EF3 /* PBXTargetDependency */,
			);
			name = RequestUITests;
			productName = RequestUITests;
			productReference = 5F189C992178A82400134EF3 /* RequestUITests.xctest */;
			productType = "com.apple.product-type.bundle.ui-testing";
		};
/* End PBXNativeTarget section */

/* Begin PBXProject section */
		5F189C6E2178A82200134EF3 /* Project object */ = {
			isa = PBXProject;
			attributes = {
				LastUpgradeCheck = 1000;
				ORGANIZATIONNAME = Xly;
				TargetAttributes = {
					5F189C752178A82200134EF3 = {
						CreatedOnToolsVersion = 10.0;
					};
					5F189C8D2178A82400134EF3 = {
						CreatedOnToolsVersion = 10.0;
						TestTargetID = 5F189C752178A82200134EF3;
					};
					5F189C982178A82400134EF3 = {
						CreatedOnToolsVersion = 10.0;
						TestTargetID = 5F189C752178A82200134EF3;
					};
				};
			};
			buildConfigurationList = 5F189C712178A82200134EF3 /* Build configuration list for PBXProject "Request" */;
			compatibilityVersion = "Xcode 9.3";
			developmentRegion = en;
			hasScannedForEncodings = 0;
			knownRegions = (
				en,
				Base,
			);
			mainGroup = 5F189C6D2178A82200134EF3;
			productRefGroup = 5F189C772178A82200134EF3 /* Products */;
			projectDirPath = "";
			projectRoot = "";
			targets = (
				5F189C752178A82200134EF3 /* Request */,
				5F189C8D2178A82400134EF3 /* RequestTests */,
				5F189C982178A82400134EF3 /* RequestUITests */,
			);
		};
/* End PBXProject section */

/* Begin PBXResourcesBuildPhase section */
		5F189C742178A82200134EF3 /* Resources */ = {
			isa = PBXResourcesBuildPhase;
			buildActionMask = 2147483647;
			files = (
				5F189C862178A82400134EF3 /* LaunchScreen.storyboard in Resources */,
				5F189C832178A82400134EF3 /* Assets.xcassets in Resources */,
				5F189C812178A82200134EF3 /* Main.storyboard in Resources */,
			);
			runOnlyForDeploymentPostprocessing = 0;
		};
		5F189C8C2178A82400134EF3 /* Resources */ = {
			isa = PBXResourcesBuildPhase;
			buildActionMask = 2147483647;
			files = (
			);
			runOnlyForDeploymentPostprocessing = 0;
		};
		5F189C972178A82400134EF3 /* Resources */ = {
			isa = PBXResourcesBuildPhase;
			buildActionMask = 2147483647;
			files = (
			);
			runOnlyForDeploymentPostprocessing = 0;
		};
/* End PBXResourcesBuildPhase section */

/* Begin PBXShellScriptBuildPhase section */
		209CE905EAFDE8200F414D40 /* [CP] Check Pods Manifest.lock */ = {
			isa = PBXShellScriptBuildPhase;
			buildActionMask = 2147483647;
			files = (
			);
			inputPaths = (
				"${PODS_PODFILE_DIR_PATH}/Podfile.lock",
				"${PODS_ROOT}/Manifest.lock",
			);
			name = "[CP] Check Pods Manifest.lock";
			outputPaths = (
				"$(DERIVED_FILE_DIR)/Pods-Request-checkManifestLockResult.txt",
			);
			runOnlyForDeploymentPostprocessing = 0;
			shellPath = /bin/sh;
			shellScript = "diff \"${PODS_PODFILE_DIR_PATH}/Podfile.lock\" \"${PODS_ROOT}/Manifest.lock\" > /dev/null\nif [ $? != 0 ] ; then\n    # print error to STDERR\n    echo \"error: The sandbox is not in sync with the Podfile.lock. Run 'pod install' or update your CocoaPods installation.\" >&2\n    exit 1\nfi\n# This output is used by Xcode 'outputs' to avoid re-running this script phase.\necho \"SUCCESS\" > \"${SCRIPT_OUTPUT_FILE_0}\"\n";
			showEnvVarsInLog = 0;
		};
/* End PBXShellScriptBuildPhase section */

/* Begin PBXSourcesBuildPhase section */
		5F189C722178A82200134EF3 /* Sources */ = {
			isa = PBXSourcesBuildPhase;
			buildActionMask = 2147483647;
			files = (
				5F189C7E2178A82200134EF3 /* ViewController.m in Sources */,
				5F17279B217F4B84009C15D5 /* NSString+LYAddtion.m in Sources */,
				5F189C892178A82400134EF3 /* main.m in Sources */,
				5F1727A6218050BA009C15D5 /* LYRequestCacheManager.m in Sources */,
				5F17279E217F4BCC009C15D5 /* NSArray+LYAddtion.m in Sources */,
				5F172769217DDA66009C15D5 /* LYGroupRequest.m in Sources */,
				5F189CBE2179EDDD00134EF3 /* TestViewController.m in Sources */,
				5F189C7B2178A82200134EF3 /* AppDelegate.m in Sources */,
				5F17278B217F0DB8009C15D5 /* JDRequest.m in Sources */,
				5F1727A1217F4BFA009C15D5 /* NSDictionary+LYAddtion.m in Sources */,
				5F189CBA2178A84900134EF3 /* LYRequest.m in Sources */,
				5F189CBB2178A84900134EF3 /* LYRequestHandle.m in Sources */,
			);
			runOnlyForDeploymentPostprocessing = 0;
		};
		5F189C8A2178A82400134EF3 /* Sources */ = {
			isa = PBXSourcesBuildPhase;
			buildActionMask = 2147483647;
			files = (
				5F189C932178A82400134EF3 /* RequestTests.m in Sources */,
			);
			runOnlyForDeploymentPostprocessing = 0;
		};
		5F189C952178A82400134EF3 /* Sources */ = {
			isa = PBXSourcesBuildPhase;
			buildActionMask = 2147483647;
			files = (
				5F189C9E2178A82400134EF3 /* RequestUITests.m in Sources */,
			);
			runOnlyForDeploymentPostprocessing = 0;
		};
/* End PBXSourcesBuildPhase section */

/* Begin PBXTargetDependency section */
		5F189C902178A82400134EF3 /* PBXTargetDependency */ = {
			isa = PBXTargetDependency;
			target = 5F189C752178A82200134EF3 /* Request */;
			targetProxy = 5F189C8F2178A82400134EF3 /* PBXContainerItemProxy */;
		};
		5F189C9B2178A82400134EF3 /* PBXTargetDependency */ = {
			isa = PBXTargetDependency;
			target = 5F189C752178A82200134EF3 /* Request */;
			targetProxy = 5F189C9A2178A82400134EF3 /* PBXContainerItemProxy */;
		};
/* End PBXTargetDependency section */

/* Begin PBXVariantGroup section */
		5F189C7F2178A82200134EF3 /* Main.storyboard */ = {
			isa = PBXVariantGroup;
			children = (
				5F189C802178A82200134EF3 /* Base */,
			);
			name = Main.storyboard;
			sourceTree = "<group>";
		};
		5F189C842178A82400134EF3 /* LaunchScreen.storyboard */ = {
			isa = PBXVariantGroup;
			children = (
				5F189C852178A82400134EF3 /* Base */,
			);
			name = LaunchScreen.storyboard;
			sourceTree = "<group>";
		};
/* End PBXVariantGroup section */

/* Begin XCBuildConfiguration section */
		5F189CA02178A82400134EF3 /* Debug */ = {
			isa = XCBuildConfiguration;
			buildSettings = {
				ALWAYS_SEARCH_USER_PATHS = NO;
				CLANG_ANALYZER_NONNULL = YES;
				CLANG_ANALYZER_NUMBER_OBJECT_CONVERSION = YES_AGGRESSIVE;
				CLANG_CXX_LANGUAGE_STANDARD = "gnu++14";
				CLANG_CXX_LIBRARY = "libc++";
				CLANG_ENABLE_MODULES = YES;
				CLANG_ENABLE_OBJC_ARC = YES;
				CLANG_ENABLE_OBJC_WEAK = YES;
				CLANG_WARN_BLOCK_CAPTURE_AUTORELEASING = YES;
				CLANG_WARN_BOOL_CONVERSION = YES;
				CLANG_WARN_COMMA = YES;
				CLANG_WARN_CONSTANT_CONVERSION = YES;
				CLANG_WARN_DEPRECATED_OBJC_IMPLEMENTATIONS = YES;
				CLANG_WARN_DIRECT_OBJC_ISA_USAGE = YES_ERROR;
				CLANG_WARN_DOCUMENTATION_COMMENTS = YES;
				CLANG_WARN_EMPTY_BODY = YES;
				CLANG_WARN_ENUM_CONVERSION = YES;
				CLANG_WARN_INFINITE_RECURSION = YES;
				CLANG_WARN_INT_CONVERSION = YES;
				CLANG_WARN_NON_LITERAL_NULL_CONVERSION = YES;
				CLANG_WARN_OBJC_IMPLICIT_RETAIN_SELF = YES;
				CLANG_WARN_OBJC_LITERAL_CONVERSION = YES;
				CLANG_WARN_OBJC_ROOT_CLASS = YES_ERROR;
				CLANG_WARN_RANGE_LOOP_ANALYSIS = YES;
				CLANG_WARN_STRICT_PROTOTYPES = YES;
				CLANG_WARN_SUSPICIOUS_MOVE = YES;
				CLANG_WARN_UNGUARDED_AVAILABILITY = YES_AGGRESSIVE;
				CLANG_WARN_UNREACHABLE_CODE = YES;
				CLANG_WARN__DUPLICATE_METHOD_MATCH = YES;
				CODE_SIGN_IDENTITY = "iPhone Developer";
				COPY_PHASE_STRIP = NO;
				DEBUG_INFORMATION_FORMAT = dwarf;
				ENABLE_STRICT_OBJC_MSGSEND = YES;
				ENABLE_TESTABILITY = YES;
				GCC_C_LANGUAGE_STANDARD = gnu11;
				GCC_DYNAMIC_NO_PIC = NO;
				GCC_NO_COMMON_BLOCKS = YES;
				GCC_OPTIMIZATION_LEVEL = 0;
				GCC_PREPROCESSOR_DEFINITIONS = (
					"DEBUG=1",
					"$(inherited)",
				);
				GCC_WARN_64_TO_32_BIT_CONVERSION = YES;
				GCC_WARN_ABOUT_RETURN_TYPE = YES_ERROR;
				GCC_WARN_UNDECLARED_SELECTOR = YES;
				GCC_WARN_UNINITIALIZED_AUTOS = YES_AGGRESSIVE;
				GCC_WARN_UNUSED_FUNCTION = YES;
				GCC_WARN_UNUSED_VARIABLE = YES;
				IPHONEOS_DEPLOYMENT_TARGET = 12.0;
				MTL_ENABLE_DEBUG_INFO = INCLUDE_SOURCE;
				MTL_FAST_MATH = YES;
				ONLY_ACTIVE_ARCH = YES;
				SDKROOT = iphoneos;
			};
			name = Debug;
		};
		5F189CA12178A82400134EF3 /* Release */ = {
			isa = XCBuildConfiguration;
			buildSettings = {
				ALWAYS_SEARCH_USER_PATHS = NO;
				CLANG_ANALYZER_NONNULL = YES;
				CLANG_ANALYZER_NUMBER_OBJECT_CONVERSION = YES_AGGRESSIVE;
				CLANG_CXX_LANGUAGE_STANDARD = "gnu++14";
				CLANG_CXX_LIBRARY = "libc++";
				CLANG_ENABLE_MODULES = YES;
				CLANG_ENABLE_OBJC_ARC = YES;
				CLANG_ENABLE_OBJC_WEAK = YES;
				CLANG_WARN_BLOCK_CAPTURE_AUTORELEASING = YES;
				CLANG_WARN_BOOL_CONVERSION = YES;
				CLANG_WARN_COMMA = YES;
				CLANG_WARN_CONSTANT_CONVERSION = YES;
				CLANG_WARN_DEPRECATED_OBJC_IMPLEMENTATIONS = YES;
				CLANG_WARN_DIRECT_OBJC_ISA_USAGE = YES_ERROR;
				CLANG_WARN_DOCUMENTATION_COMMENTS = YES;
				CLANG_WARN_EMPTY_BODY = YES;
				CLANG_WARN_ENUM_CONVERSION = YES;
				CLANG_WARN_INFINITE_RECURSION = YES;
				CLANG_WARN_INT_CONVERSION = YES;
				CLANG_WARN_NON_LITERAL_NULL_CONVERSION = YES;
				CLANG_WARN_OBJC_IMPLICIT_RETAIN_SELF = YES;
				CLANG_WARN_OBJC_LITERAL_CONVERSION = YES;
				CLANG_WARN_OBJC_ROOT_CLASS = YES_ERROR;
				CLANG_WARN_RANGE_LOOP_ANALYSIS = YES;
				CLANG_WARN_STRICT_PROTOTYPES = YES;
				CLANG_WARN_SUSPICIOUS_MOVE = YES;
				CLANG_WARN_UNGUARDED_AVAILABILITY = YES_AGGRESSIVE;
				CLANG_WARN_UNREACHABLE_CODE = YES;
				CLANG_WARN__DUPLICATE_METHOD_MATCH = YES;
				CODE_SIGN_IDENTITY = "iPhone Developer";
				COPY_PHASE_STRIP = NO;
				DEBUG_INFORMATION_FORMAT = "dwarf-with-dsym";
				ENABLE_NS_ASSERTIONS = NO;
				ENABLE_STRICT_OBJC_MSGSEND = YES;
				GCC_C_LANGUAGE_STANDARD = gnu11;
				GCC_NO_COMMON_BLOCKS = YES;
				GCC_WARN_64_TO_32_BIT_CONVERSION = YES;
				GCC_WARN_ABOUT_RETURN_TYPE = YES_ERROR;
				GCC_WARN_UNDECLARED_SELECTOR = YES;
				GCC_WARN_UNINITIALIZED_AUTOS = YES_AGGRESSIVE;
				GCC_WARN_UNUSED_FUNCTION = YES;
				GCC_WARN_UNUSED_VARIABLE = YES;
				IPHONEOS_DEPLOYMENT_TARGET = 12.0;
				MTL_ENABLE_DEBUG_INFO = NO;
				MTL_FAST_MATH = YES;
				SDKROOT = iphoneos;
				VALIDATE_PRODUCT = YES;
			};
			name = Release;
		};
		5F189CA32178A82400134EF3 /* Debug */ = {
			isa = XCBuildConfiguration;
			baseConfigurationReference = 90C5579AC9B610DB3CCE40F2 /* Pods-Request.debug.xcconfig */;
			buildSettings = {
				ASSETCATALOG_COMPILER_APPICON_NAME = AppIcon;
				CODE_SIGN_STYLE = Automatic;
				INFOPLIST_FILE = Request/Info.plist;
				IPHONEOS_DEPLOYMENT_TARGET = 8.0;
				LD_RUNPATH_SEARCH_PATHS = (
					"$(inherited)",
					"@executable_path/Frameworks",
				);
				PRODUCT_BUNDLE_IDENTIFIER = xly.Request;
				PRODUCT_NAME = "$(TARGET_NAME)";
				TARGETED_DEVICE_FAMILY = "1,2";
			};
			name = Debug;
		};
		5F189CA42178A82400134EF3 /* Release */ = {
			isa = XCBuildConfiguration;
			baseConfigurationReference = 4B9231A888459C96DB8E2CE7 /* Pods-Request.release.xcconfig */;
			buildSettings = {
				ASSETCATALOG_COMPILER_APPICON_NAME = AppIcon;
				CODE_SIGN_STYLE = Automatic;
				INFOPLIST_FILE = Request/Info.plist;
				IPHONEOS_DEPLOYMENT_TARGET = 8.0;
				LD_RUNPATH_SEARCH_PATHS = (
					"$(inherited)",
					"@executable_path/Frameworks",
				);
				PRODUCT_BUNDLE_IDENTIFIER = xly.Request;
				PRODUCT_NAME = "$(TARGET_NAME)";
				TARGETED_DEVICE_FAMILY = "1,2";
			};
			name = Release;
		};
		5F189CA62178A82400134EF3 /* Debug */ = {
			isa = XCBuildConfiguration;
			buildSettings = {
				BUNDLE_LOADER = "$(TEST_HOST)";
				CODE_SIGN_STYLE = Automatic;
				INFOPLIST_FILE = RequestTests/Info.plist;
				LD_RUNPATH_SEARCH_PATHS = (
					"$(inherited)",
					"@executable_path/Frameworks",
					"@loader_path/Frameworks",
				);
				PRODUCT_BUNDLE_IDENTIFIER = xly.RequestTests;
				PRODUCT_NAME = "$(TARGET_NAME)";
				TARGETED_DEVICE_FAMILY = "1,2";
				TEST_HOST = "$(BUILT_PRODUCTS_DIR)/Request.app/Request";
			};
			name = Debug;
		};
		5F189CA72178A82400134EF3 /* Release */ = {
			isa = XCBuildConfiguration;
			buildSettings = {
				BUNDLE_LOADER = "$(TEST_HOST)";
				CODE_SIGN_STYLE = Automatic;
				INFOPLIST_FILE = RequestTests/Info.plist;
				LD_RUNPATH_SEARCH_PATHS = (
					"$(inherited)",
					"@executable_path/Frameworks",
					"@loader_path/Frameworks",
				);
				PRODUCT_BUNDLE_IDENTIFIER = xly.RequestTests;
				PRODUCT_NAME = "$(TARGET_NAME)";
				TARGETED_DEVICE_FAMILY = "1,2";
				TEST_HOST = "$(BUILT_PRODUCTS_DIR)/Request.app/Request";
			};
			name = Release;
		};
		5F189CA92178A82400134EF3 /* Debug */ = {
			isa = XCBuildConfiguration;
			buildSettings = {
				CODE_SIGN_STYLE = Automatic;
				INFOPLIST_FILE = RequestUITests/Info.plist;
				LD_RUNPATH_SEARCH_PATHS = (
					"$(inherited)",
					"@executable_path/Frameworks",
					"@loader_path/Frameworks",
				);
				PRODUCT_BUNDLE_IDENTIFIER = xly.RequestUITests;
				PRODUCT_NAME = "$(TARGET_NAME)";
				TARGETED_DEVICE_FAMILY = "1,2";
				TEST_TARGET_NAME = Request;
			};
			name = Debug;
		};
		5F189CAA2178A82400134EF3 /* Release */ = {
			isa = XCBuildConfiguration;
			buildSettings = {
				CODE_SIGN_STYLE = Automatic;
				INFOPLIST_FILE = RequestUITests/Info.plist;
				LD_RUNPATH_SEARCH_PATHS = (
					"$(inherited)",
					"@executable_path/Frameworks",
					"@loader_path/Frameworks",
				);
				PRODUCT_BUNDLE_IDENTIFIER = xly.RequestUITests;
				PRODUCT_NAME = "$(TARGET_NAME)";
				TARGETED_DEVICE_FAMILY = "1,2";
				TEST_TARGET_NAME = Request;
			};
			name = Release;
		};
/* End XCBuildConfiguration section */

/* Begin XCConfigurationList section */
		5F189C712178A82200134EF3 /* Build configuration list for PBXProject "Request" */ = {
			isa = XCConfigurationList;
			buildConfigurations = (
				5F189CA02178A82400134EF3 /* Debug */,
				5F189CA12178A82400134EF3 /* Release */,
			);
			defaultConfigurationIsVisible = 0;
			defaultConfigurationName = Release;
		};
		5F189CA22178A82400134EF3 /* Build configuration list for PBXNativeTarget "Request" */ = {
			isa = XCConfigurationList;
			buildConfigurations = (
				5F189CA32178A82400134EF3 /* Debug */,
				5F189CA42178A82400134EF3 /* Release */,
			);
			defaultConfigurationIsVisible = 0;
			defaultConfigurationName = Release;
		};
		5F189CA52178A82400134EF3 /* Build configuration list for PBXNativeTarget "RequestTests" */ = {
			isa = XCConfigurationList;
			buildConfigurations = (
				5F189CA62178A82400134EF3 /* Debug */,
				5F189CA72178A82400134EF3 /* Release */,
			);
			defaultConfigurationIsVisible = 0;
			defaultConfigurationName = Release;
		};
		5F189CA82178A82400134EF3 /* Build configuration list for PBXNativeTarget "RequestUITests" */ = {
			isa = XCConfigurationList;
			buildConfigurations = (
				5F189CA92178A82400134EF3 /* Debug */,
				5F189CAA2178A82400134EF3 /* Release */,
			);
			defaultConfigurationIsVisible = 0;
			defaultConfigurationName = Release;
		};
/* End XCConfigurationList section */
	};
	rootObject = 5F189C6E2178A82200134EF3 /* Project object */;
}
